{
  "nodes": {
    "gohufont": {
      "flake": false,
      "locked": {
        "lastModified": 1498517274,
        "narHash": "sha256-e9VOmJCFHcKM09oUx1L4WKSVIJG+Aw5vEiuAnGsIt8I=",
        "owner": "hchargois",
        "repo": "gohufont",
        "rev": "cc36b8c9fed7141763e55dcee0a97abffcf08224",
        "type": "github"
      },
      "original": {
        "owner": "hchargois",
        "repo": "gohufont",
        "rev": "cc36b8c9fed7141763e55dcee0a97abffcf08224",
        "type": "github"
      }
    },
    "nixpkgs": {
      "locked": {
        "lastModified": 1786862985,
        "narHash": "sha256-FBJRXmbGXiSUDvYEbfLYRkckayyZ6SK1UEqhCrIZ2Cs=",
        "owner": "NixOS",
        "repo": "nixpkgs",
        "rev": "e5bdc4a41d4c072fe1e3787eaa0320a384741d44",
        "type": "github"
      },
      "original": {
        "owner": "NixOS",
        "ref": "nixos-unstable",
        "repo": "nixpkgs",
        "type": "github"
      }
    },
    "root": {
      "inputs": {
        "gohufont": "gohufont",
        "nixpkgs": "nixpkgs"
      }
    }
  },
  "root": "root",
  "version": 7
}
